
Microsoft Visual Studio Solution File, Format Version 12.00
# Visual Studio Version 16
VisualStudioVersion = 16.0.29519.181
MinimumVisualStudioVersion = 10.0.40219.1
Project("{FAE04EC0-301F-11D3-BF4B-00C04F79EFBC}") = "ClassLibrary", "ClassLibrary\ClassLibrary.csproj", "{1FDD3A63-2F97-4BD1-903C-3F812AD31EC8}"
EndProject
Global
	GlobalSection(SolutionConfigurationPlatforms) = preSolution
		Debug|Any CPU = Debug|Any CPU
		Release|Any CPU = Release|Any CPU
	EndGlobalSection
	GlobalSection(ProjectConfigurationPlatforms) = postSolution
		{1FDD3A63-2F97-4BD1-903C-3F812AD31EC8}.Debug|Any CPU.ActiveCfg = Debug|Any CPU
		{1FDD3A63-2F97-4BD1-903C-3F812AD31EC8}.Debug|Any CPU.Build.0 = Debug|Any CPU
		{1FDD3A63-2F97-4BD1-903C-3F812AD31EC8}.Release|Any CPU.ActiveCfg = Release|Any CPU
		{1FDD3A63-2F97-4BD1-903C-3F812AD31EC8}.Release|Any CPU.Build.0 = Release|Any CPU
	EndGlobalSection
	GlobalSection(SolutionProperties) = preSolution
		HideSolutionNode = FALSE
	EndGlobalSection
	GlobalSection(ExtensibilityGlobals) = postSolution
		SolutionGuid = {23483930-B975-45D5-AE7E-D823C831F244}
	EndGlobalSection
EndGlobal
